{
  "name": "ng2hello",
  "version": "0.0.0",
  "lockfileVersion": 1,
  "requires": true,
  "dependencies": {
    "@angular/common": {
      "version": "2.0.2",
      "resolved": "https://registry.npmjs.org/@angular/common/-/common-2.0.2.tgz",
      "integrity": "sha1-tKKPdWilEfWW3C3U4lUYMGQs1PQ="
    },
    "@angular/compiler": {
      "version": "2.0.2",
      "resolved": "https://registry.npmjs.org/@angular/compiler/-/compiler-2.0.2.tgz",
      "integrity": "sha1-TKTlOVbNajayI84SaCugvCiTJrs="
    },
    "@angular/core": {
      "version": "2.0.2",
      "resolved": "https://registry.npmjs.org/@angular/core/-/core-2.0.2.tgz",
      "integrity": "sha1-9qzgcf7Kwn+axJDKv7F9ZjSu7hI="
    },
    "@angular/forms": {
      "version": "2.0.2",
      "resolved": "https://registry.npmjs.org/@angular/forms/-/forms-2.0.2.tgz",
      "integrity": "sha1-t2K42G+ldhR/YiFILZCz6U6P4mw="
    },
    "@angular/http": {
      "version": "2.0.2",
      "resolved": "https://registry.npmjs.org/@angular/http/-/http-2.0.2.tgz",
      "integrity": "sha1-x0sDElFi9HC4TlLDpJa4/Npwhes="
    },
    "@angular/platform-browser": {
      "version": "2.0.2",
      "resolved": "https://registry.npmjs.org/@angular/platform-browser/-/platform-browser-2.0.2.tgz",
      "integrity": "sha1-JbdUv8Qm7lp2GwtH/Gd819iuQdI="
    },
    "@angular/platform-browser-dynamic": {
      "version": "2.0.2",
      "resolved": "https://registry.npmjs.org/@angular/platform-browser-dynamic/-/platform-browser-dynamic-2.0.2.tgz",
      "integrity": "sha1-CJJyw0n3iFBpDxXEyB9QifcnHog="
    },
    "@angular/router": {
      "version": "3.0.2",
      "resolved": "https://registry.npmjs.org/@angular/router/-/router-3.0.2.tgz",
      "integrity": "sha1-OwYjpy07hBsX7ezQJ/mDK69EUPE="
    },
    "core-js": {
      "version": "2.5.3",
      "resolved": "https://registry.npmjs.org/core-js/-/core-js-2.5.3.tgz",
      "integrity": "sha1-isw4NFgk8W2DZbfJtCWRaOjtYD4="
    },
    "rxjs": {
      "version": "5.0.0-beta.12",
      "resolved": "https://registry.npmjs.org/rxjs/-/rxjs-5.0.0-beta.12.tgz",
      "integrity": "sha1-zf3i2MRjnSCud5S/+P3fMtp60zc=",
      "requires": {
        "symbol-observable": "1.2.0"
      }
    },
    "symbol-observable": {
      "version": "1.2.0",
      "resolved": "https://registry.npmjs.org/symbol-observable/-/symbol-observable-1.2.0.tgz",
      "integrity": "sha512-e900nM8RRtGhlV36KGEU9k65K3mPb1WV70OdjfxlG2EAuM1noi/E/BaW/uMhL7bPEssK8QV57vN3esixjUvcXQ=="
    },
    "ts-helpers": {
      "version": "1.1.2",
      "resolved": "https://registry.npmjs.org/ts-helpers/-/ts-helpers-1.1.2.tgz",
      "integrity": "sha1-/Gm+nx87rtAfsaDvjUz+dIgU2DU="
    },
    "zone.js": {
      "version": "0.6.26",
      "resolved": "https://registry.npmjs.org/zone.js/-/zone.js-0.6.26.tgz",
      "integrity": "sha1-BnwTuLgCI6ibYuncgmgPCXYsRjY="
    }
  }
}
